// !$*UTF8*$!
{
	archiveVersion = 1;
	classes = {
	};
	objectVersion = 50;
	objects = {

/* Begin PBXBuildFile section */
		B023310D2358A92000FBC025 /* main.swift in Sources */ = {isa = PBXBuildFile; fileRef = B023310C2358A92000FBC025 /* main.swift */; };
		B02331122358ABE400FBC025 /* PhotoCollectionItem.swift in Sources */ = {isa = PBXBuildFile; fileRef = B02331112358ABE400FBC025 /* PhotoCollectionItem.swift */; };
		B02331172358AC4A00FBC025 /* PhotoCollectionRepository.swift in Sources */ = {isa = PBXBuildFile; fileRef = B02331162358AC4A00FBC025 /* PhotoCollectionRepository.swift */; };
		B02331192358ACCD00FBC025 /* PhotoCollectionRepositoryTests.swift in Sources */ = {isa = PBXBuildFile; fileRef = B02331182358ACCD00FBC025 /* PhotoCollectionRepositoryTests.swift */; };
		B023311C2358AD5800FBC025 /* PhotoCollectionMapper.swift in Sources */ = {isa = PBXBuildFile; fileRef = B023311B2358AD5800FBC025 /* PhotoCollectionMapper.swift */; };
		B023311F2358ADB200FBC025 /* PhotoCollectionItemDTO.swift in Sources */ = {isa = PBXBuildFile; fileRef = B023311E2358ADB200FBC025 /* PhotoCollectionItemDTO.swift */; };
		B02331212358ADF200FBC025 /* PhotoCollectionMapperTests.swift in Sources */ = {isa = PBXBuildFile; fileRef = B02331202358ADF200FBC025 /* PhotoCollectionMapperTests.swift */; };
		B02331252358CAE900FBC025 /* HTTPClientTests.swift in Sources */ = {isa = PBXBuildFile; fileRef = B0B1184C23586FDE004955EA /* HTTPClientTests.swift */; };
		B02331282358CB9100FBC025 /* SpyHTTPClient.swift in Sources */ = {isa = PBXBuildFile; fileRef = B02331272358CB9100FBC025 /* SpyHTTPClient.swift */; };
		B023312B2358CCD600FBC025 /* SpyPhotoCollectionMapper.swift in Sources */ = {isa = PBXBuildFile; fileRef = B023312A2358CCD600FBC025 /* SpyPhotoCollectionMapper.swift */; };
		B023312E2358CE2800FBC025 /* AppConfiguration.swift in Sources */ = {isa = PBXBuildFile; fileRef = B023312D2358CE2800FBC025 /* AppConfiguration.swift */; };
		B02331312359B71800FBC025 /* PhotoCollectionInteractor.swift in Sources */ = {isa = PBXBuildFile; fileRef = B02331302359B71800FBC025 /* PhotoCollectionInteractor.swift */; };
		B02331332359B7ED00FBC025 /* PhotoCollectionInteractorTests.swift in Sources */ = {isa = PBXBuildFile; fileRef = B02331322359B7ED00FBC025 /* PhotoCollectionInteractorTests.swift */; };
		B02331362359B85C00FBC025 /* SpyPhotoCollectionRepository.swift in Sources */ = {isa = PBXBuildFile; fileRef = B02331352359B85C00FBC025 /* SpyPhotoCollectionRepository.swift */; };
		B0B0687123586483003920BA /* AppDelegate.swift in Sources */ = {isa = PBXBuildFile; fileRef = B0B0687023586483003920BA /* AppDelegate.swift */; };
		B0B0687823586485003920BA /* Assets.xcassets in Resources */ = {isa = PBXBuildFile; fileRef = B0B0687723586485003920BA /* Assets.xcassets */; };
		B0B0687B23586485003920BA /* LaunchScreen.storyboard in Resources */ = {isa = PBXBuildFile; fileRef = B0B0687923586485003920BA /* LaunchScreen.storyboard */; };
		B0B0689123586485003920BA /* MSSampleiOSUITests.swift in Sources */ = {isa = PBXBuildFile; fileRef = B0B0689023586485003920BA /* MSSampleiOSUITests.swift */; };
		B0B068A8235867EC003920BA /* SampleTests.swift in Sources */ = {isa = PBXBuildFile; fileRef = B0B068A7235867EC003920BA /* SampleTests.swift */; };
		B0B1183C23586C2D004955EA /* HTTPClient.swift in Sources */ = {isa = PBXBuildFile; fileRef = B0B1183B23586C2D004955EA /* HTTPClient.swift */; };
		B0B118522358708F004955EA /* URLSession+Protocol.swift in Sources */ = {isa = PBXBuildFile; fileRef = B0B118512358708F004955EA /* URLSession+Protocol.swift */; };
		B0B1185523587415004955EA /* SpyURLSession.swift in Sources */ = {isa = PBXBuildFile; fileRef = B0B1185423587415004955EA /* SpyURLSession.swift */; };
		B0B11858235874BF004955EA /* SpyURLSessionDataTask.swift in Sources */ = {isa = PBXBuildFile; fileRef = B0B11857235874BF004955EA /* SpyURLSessionDataTask.swift */; };
		B0B1185A235876AE004955EA /* SpyHTTPURLResponse.swift in Sources */ = {isa = PBXBuildFile; fileRef = B0B11859235876AE004955EA /* SpyHTTPURLResponse.swift */; };
		B0B118602358A643004955EA /* HTTPResponse.swift in Sources */ = {isa = PBXBuildFile; fileRef = B0B1185F2358A643004955EA /* HTTPResponse.swift */; };
		B0B118622358A651004955EA /* HTTPError.swift in Sources */ = {isa = PBXBuildFile; fileRef = B0B118612358A651004955EA /* HTTPError.swift */; };
		B0B118652358A67D004955EA /* HTTPRequest.swift in Sources */ = {isa = PBXBuildFile; fileRef = B0B118642358A67D004955EA /* HTTPRequest.swift */; };
/* End PBXBuildFile section */

/* Begin PBXContainerItemProxy section */
		B0B0688223586485003920BA /* PBXContainerItemProxy */ = {
			isa = PBXContainerItemProxy;
			containerPortal = B0B0686523586483003920BA /* Project object */;
			proxyType = 1;
			remoteGlobalIDString = B0B0686C23586483003920BA;
			remoteInfo = MSSampleiOS;
		};
		B0B0688D23586485003920BA /* PBXContainerItemProxy */ = {
			isa = PBXContainerItemProxy;
			containerPortal = B0B0686523586483003920BA /* Project object */;
			proxyType = 1;
			remoteGlobalIDString = B0B0686C23586483003920BA;
			remoteInfo = MSSampleiOS;
		};
/* End PBXContainerItemProxy section */

/* Begin PBXFileReference section */
		B023310C2358A92000FBC025 /* main.swift */ = {isa = PBXFileReference; lastKnownFileType = sourcecode.swift; path = main.swift; sourceTree = "<group>"; };
		B02331112358ABE400FBC025 /* PhotoCollectionItem.swift */ = {isa = PBXFileReference; lastKnownFileType = sourcecode.swift; path = PhotoCollectionItem.swift; sourceTree = "<group>"; };
		B02331162358AC4A00FBC025 /* PhotoCollectionRepository.swift */ = {isa = PBXFileReference; lastKnownFileType = sourcecode.swift; path = PhotoCollectionRepository.swift; sourceTree = "<group>"; };
		B02331182358ACCD00FBC025 /* PhotoCollectionRepositoryTests.swift */ = {isa = PBXFileReference; lastKnownFileType = sourcecode.swift; path = PhotoCollectionRepositoryTests.swift; sourceTree = "<group>"; };
		B023311B2358AD5800FBC025 /* PhotoCollectionMapper.swift */ = {isa = PBXFileReference; lastKnownFileType = sourcecode.swift; path = PhotoCollectionMapper.swift; sourceTree = "<group>"; };
		B023311E2358ADB200FBC025 /* PhotoCollectionItemDTO.swift */ = {isa = PBXFileReference; lastKnownFileType = sourcecode.swift; path = PhotoCollectionItemDTO.swift; sourceTree = "<group>"; };
		B02331202358ADF200FBC025 /* PhotoCollectionMapperTests.swift */ = {isa = PBXFileReference; lastKnownFileType = sourcecode.swift; path = PhotoCollectionMapperTests.swift; sourceTree = "<group>"; };
		B02331272358CB9100FBC025 /* SpyHTTPClient.swift */ = {isa = PBXFileReference; lastKnownFileType = sourcecode.swift; path = SpyHTTPClient.swift; sourceTree = "<group>"; };
		B023312A2358CCD600FBC025 /* SpyPhotoCollectionMapper.swift */ = {isa = PBXFileReference; lastKnownFileType = sourcecode.swift; path = SpyPhotoCollectionMapper.swift; sourceTree = "<group>"; };
		B023312D2358CE2800FBC025 /* AppConfiguration.swift */ = {isa = PBXFileReference; lastKnownFileType = sourcecode.swift; path = AppConfiguration.swift; sourceTree = "<group>"; };
		B02331302359B71800FBC025 /* PhotoCollectionInteractor.swift */ = {isa = PBXFileReference; lastKnownFileType = sourcecode.swift; path = PhotoCollectionInteractor.swift; sourceTree = "<group>"; };
		B02331322359B7ED00FBC025 /* PhotoCollectionInteractorTests.swift */ = {isa = PBXFileReference; lastKnownFileType = sourcecode.swift; path = PhotoCollectionInteractorTests.swift; sourceTree = "<group>"; };
		B02331352359B85C00FBC025 /* SpyPhotoCollectionRepository.swift */ = {isa = PBXFileReference; lastKnownFileType = sourcecode.swift; path = SpyPhotoCollectionRepository.swift; sourceTree = "<group>"; };
		B0B0686D23586483003920BA /* MSSampleiOS.app */ = {isa = PBXFileReference; explicitFileType = wrapper.application; includeInIndex = 0; path = MSSampleiOS.app; sourceTree = BUILT_PRODUCTS_DIR; };
		B0B0687023586483003920BA /* AppDelegate.swift */ = {isa = PBXFileReference; lastKnownFileType = sourcecode.swift; path = AppDelegate.swift; sourceTree = "<group>"; };
		B0B0687723586485003920BA /* Assets.xcassets */ = {isa = PBXFileReference; lastKnownFileType = folder.assetcatalog; path = Assets.xcassets; sourceTree = "<group>"; };
		B0B0687A23586485003920BA /* Base */ = {isa = PBXFileReference; lastKnownFileType = file.storyboard; name = Base; path = Base.lproj/LaunchScreen.storyboard; sourceTree = "<group>"; };
		B0B0687C23586485003920BA /* Info.plist */ = {isa = PBXFileReference; lastKnownFileType = text.plist.xml; path = Info.plist; sourceTree = "<group>"; };
		B0B0688123586485003920BA /* UnitTests.xctest */ = {isa = PBXFileReference; explicitFileType = wrapper.cfbundle; includeInIndex = 0; path = UnitTests.xctest; sourceTree = BUILT_PRODUCTS_DIR; };
		B0B0688723586485003920BA /* Info.plist */ = {isa = PBXFileReference; lastKnownFileType = text.plist.xml; path = Info.plist; sourceTree = "<group>"; };
		B0B0688C23586485003920BA /* UITests.xctest */ = {isa = PBXFileReference; explicitFileType = wrapper.cfbundle; includeInIndex = 0; path = UITests.xctest; sourceTree = BUILT_PRODUCTS_DIR; };
		B0B0689023586485003920BA /* MSSampleiOSUITests.swift */ = {isa = PBXFileReference; lastKnownFileType = sourcecode.swift; path = MSSampleiOSUITests.swift; sourceTree = "<group>"; };
		B0B0689223586485003920BA /* Info.plist */ = {isa = PBXFileReference; lastKnownFileType = text.plist.xml; path = Info.plist; sourceTree = "<group>"; };
		B0B068A7235867EC003920BA /* SampleTests.swift */ = {isa = PBXFileReference; lastKnownFileType = sourcecode.swift; path = SampleTests.swift; sourceTree = "<group>"; };
		B0B1183B23586C2D004955EA /* HTTPClient.swift */ = {isa = PBXFileReference; lastKnownFileType = sourcecode.swift; path = HTTPClient.swift; sourceTree = "<group>"; };
		B0B1184C23586FDE004955EA /* HTTPClientTests.swift */ = {isa = PBXFileReference; lastKnownFileType = sourcecode.swift; path = HTTPClientTests.swift; sourceTree = "<group>"; };
		B0B118512358708F004955EA /* URLSession+Protocol.swift */ = {isa = PBXFileReference; lastKnownFileType = sourcecode.swift; path = "URLSession+Protocol.swift"; sourceTree = "<group>"; };
		B0B1185423587415004955EA /* SpyURLSession.swift */ = {isa = PBXFileReference; lastKnownFileType = sourcecode.swift; path = SpyURLSession.swift; sourceTree = "<group>"; };
		B0B11857235874BF004955EA /* SpyURLSessionDataTask.swift */ = {isa = PBXFileReference; lastKnownFileType = sourcecode.swift; path = SpyURLSessionDataTask.swift; sourceTree = "<group>"; };
		B0B11859235876AE004955EA /* SpyHTTPURLResponse.swift */ = {isa = PBXFileReference; lastKnownFileType = sourcecode.swift; path = SpyHTTPURLResponse.swift; sourceTree = "<group>"; };
		B0B1185F2358A643004955EA /* HTTPResponse.swift */ = {isa = PBXFileReference; lastKnownFileType = sourcecode.swift; path = HTTPResponse.swift; sourceTree = "<group>"; };
		B0B118612358A651004955EA /* HTTPError.swift */ = {isa = PBXFileReference; lastKnownFileType = sourcecode.swift; path = HTTPError.swift; sourceTree = "<group>"; };
		B0B118642358A67D004955EA /* HTTPRequest.swift */ = {isa = PBXFileReference; lastKnownFileType = sourcecode.swift; path = HTTPRequest.swift; sourceTree = "<group>"; };
/* End PBXFileReference section */

/* Begin PBXFrameworksBuildPhase section */
		B0B0686A23586483003920BA /* Frameworks */ = {
			isa = PBXFrameworksBuildPhase;
			buildActionMask = 2147483647;
			files = (
			);
			runOnlyForDeploymentPostprocessing = 0;
		};
		B0B0687E23586485003920BA /* Frameworks */ = {
			isa = PBXFrameworksBuildPhase;
			buildActionMask = 2147483647;
			files = (
			);
			runOnlyForDeploymentPostprocessing = 0;
		};
		B0B0688923586485003920BA /* Frameworks */ = {
			isa = PBXFrameworksBuildPhase;
			buildActionMask = 2147483647;
			files = (
			);
			runOnlyForDeploymentPostprocessing = 0;
		};
/* End PBXFrameworksBuildPhase section */

/* Begin PBXGroup section */
		B023310E2358AB9C00FBC025 /* PhotoCollection */ = {
			isa = PBXGroup;
			children = (
				B023310F2358ABA700FBC025 /* BusinessLogic */,
				B02331142358AC2C00FBC025 /* Data */,
			);
			path = PhotoCollection;
			sourceTree = "<group>";
		};
		B023310F2358ABA700FBC025 /* BusinessLogic */ = {
			isa = PBXGroup;
			children = (
				B023312F2359B70800FBC025 /* Interactor */,
				B02331102358ABB300FBC025 /* Models */,
			);
			path = BusinessLogic;
			sourceTree = "<group>";
		};
		B02331102358ABB300FBC025 /* Models */ = {
			isa = PBXGroup;
			children = (
				B02331112358ABE400FBC025 /* PhotoCollectionItem.swift */,
			);
			path = Models;
			sourceTree = "<group>";
		};
		B02331142358AC2C00FBC025 /* Data */ = {
			isa = PBXGroup;
			children = (
				B023311D2358AD9800FBC025 /* DTO */,
				B023311A2358AD2A00FBC025 /* Mapper */,
				B02331152358AC3C00FBC025 /* Repository */,
			);
			path = Data;
			sourceTree = "<group>";
		};
		B02331152358AC3C00FBC025 /* Repository */ = {
			isa = PBXGroup;
			children = (
				B02331162358AC4A00FBC025 /* PhotoCollectionRepository.swift */,
				B02331182358ACCD00FBC025 /* PhotoCollectionRepositoryTests.swift */,
				B02331342359B84400FBC025 /* __mock__ */,
			);
			path = Repository;
			sourceTree = "<group>";
		};
		B023311A2358AD2A00FBC025 /* Mapper */ = {
			isa = PBXGroup;
			children = (
				B023311B2358AD5800FBC025 /* PhotoCollectionMapper.swift */,
				B02331202358ADF200FBC025 /* PhotoCollectionMapperTests.swift */,
				B02331292358CCC600FBC025 /* __mocks__ */,
			);
			path = Mapper;
			sourceTree = "<group>";
		};
		B023311D2358AD9800FBC025 /* DTO */ = {
			isa = PBXGroup;
			children = (
				B023311E2358ADB200FBC025 /* PhotoCollectionItemDTO.swift */,
			);
			path = DTO;
			sourceTree = "<group>";
		};
		B02331262358CB8200FBC025 /* __mocks__ */ = {
			isa = PBXGroup;
			children = (
				B02331272358CB9100FBC025 /* SpyHTTPClient.swift */,
			);
			path = __mocks__;
			sourceTree = "<group>";
		};
		B02331292358CCC600FBC025 /* __mocks__ */ = {
			isa = PBXGroup;
			children = (
				B023312A2358CCD600FBC025 /* SpyPhotoCollectionMapper.swift */,
			);
			path = __mocks__;
			sourceTree = "<group>";
		};
		B023312C2358CE1B00FBC025 /* Configuration */ = {
			isa = PBXGroup;
			children = (
				B023312D2358CE2800FBC025 /* AppConfiguration.swift */,
			);
			path = Configuration;
			sourceTree = "<group>";
		};
		B023312F2359B70800FBC025 /* Interactor */ = {
			isa = PBXGroup;
			children = (
				B02331302359B71800FBC025 /* PhotoCollectionInteractor.swift */,
				B02331322359B7ED00FBC025 /* PhotoCollectionInteractorTests.swift */,
			);
			path = Interactor;
			sourceTree = "<group>";
		};
		B02331342359B84400FBC025 /* __mock__ */ = {
			isa = PBXGroup;
			children = (
				B02331352359B85C00FBC025 /* SpyPhotoCollectionRepository.swift */,
			);
			path = __mock__;
			sourceTree = "<group>";
		};
		B0B0686423586483003920BA = {
			isa = PBXGroup;
			children = (
				B0B0686E23586483003920BA /* Products */,
				B0B068A423586515003920BA /* Resources */,
				B0B0686F23586483003920BA /* Source */,
				B0B0688F23586485003920BA /* UITests */,
				B0B0688423586485003920BA /* UnitTests */,
			);
			sourceTree = "<group>";
		};
		B0B0686E23586483003920BA /* Products */ = {
			isa = PBXGroup;
			children = (
				B0B0686D23586483003920BA /* MSSampleiOS.app */,
				B0B0688123586485003920BA /* UnitTests.xctest */,
				B0B0688C23586485003920BA /* UITests.xctest */,
			);
			name = Products;
			sourceTree = "<group>";
		};
		B0B0686F23586483003920BA /* Source */ = {
			isa = PBXGroup;
			children = (
				B0B1183923586C03004955EA /* Core */,
				B0B1185023587074004955EA /* Extension */,
				B0B068A0235864E8003920BA /* Features */,
				B0B0689F235864BF003920BA /* Main */,
				B0B0689E2358649B003920BA /* SupportingFiles */,
			);
			path = Source;
			sourceTree = "<group>";
		};
		B0B0688423586485003920BA /* UnitTests */ = {
			isa = PBXGroup;
			children = (
				B0B1184E2358705D004955EA /* Mocks */,
				B0B0688723586485003920BA /* Info.plist */,
				B0B068A7235867EC003920BA /* SampleTests.swift */,
			);
			path = UnitTests;
			sourceTree = "<group>";
		};
		B0B0688F23586485003920BA /* UITests */ = {
			isa = PBXGroup;
			children = (
				B0B0689023586485003920BA /* MSSampleiOSUITests.swift */,
				B0B0689223586485003920BA /* Info.plist */,
			);
			path = UITests;
			sourceTree = "<group>";
		};
		B0B0689E2358649B003920BA /* SupportingFiles */ = {
			isa = PBXGroup;
			children = (
				B0B0687C23586485003920BA /* Info.plist */,
			);
			path = SupportingFiles;
			sourceTree = "<group>";
		};
		B0B0689F235864BF003920BA /* Main */ = {
			isa = PBXGroup;
			children = (
				B0B0687023586483003920BA /* AppDelegate.swift */,
				B023310C2358A92000FBC025 /* main.swift */,
			);
			path = Main;
			sourceTree = "<group>";
		};
		B0B068A0235864E8003920BA /* Features */ = {
			isa = PBXGroup;
			children = (
				B0B068A1235864F5003920BA /* Launch */,
				B023310E2358AB9C00FBC025 /* PhotoCollection */,
			);
			path = Features;
			sourceTree = "<group>";
		};
		B0B068A1235864F5003920BA /* Launch */ = {
			isa = PBXGroup;
			children = (
				B0B068A2235864FD003920BA /* Presentation */,
			);
			path = Launch;
			sourceTree = "<group>";
		};
		B0B068A2235864FD003920BA /* Presentation */ = {
			isa = PBXGroup;
			children = (
				B0B068A323586503003920BA /* View */,
			);
			path = Presentation;
			sourceTree = "<group>";
		};
		B0B068A323586503003920BA /* View */ = {
			isa = PBXGroup;
			children = (
				B0B0687923586485003920BA /* LaunchScreen.storyboard */,
			);
			path = View;
			sourceTree = "<group>";
		};
		B0B068A423586515003920BA /* Resources */ = {
			isa = PBXGroup;
			children = (
				B0B0687723586485003920BA /* Assets.xcassets */,
			);
			path = Resources;
			sourceTree = "<group>";
		};
		B0B1183923586C03004955EA /* Core */ = {
			isa = PBXGroup;
			children = (
				B023312C2358CE1B00FBC025 /* Configuration */,
				B0B1183A23586C13004955EA /* Network */,
			);
			path = Core;
			sourceTree = "<group>";
		};
		B0B1183A23586C13004955EA /* Network */ = {
			isa = PBXGroup;
			children = (
				B0B11853235873E7004955EA /* Client */,
				B0B118632358A673004955EA /* Request */,
				B0B1185E2358A627004955EA /* Response */,
			);
			path = Network;
			sourceTree = "<group>";
		};
		B0B1184E2358705D004955EA /* Mocks */ = {
			isa = PBXGroup;
			children = (
				B0B118562358743B004955EA /* URLSession */,
			);
			path = Mocks;
			sourceTree = "<group>";
		};
		B0B1185023587074004955EA /* Extension */ = {
			isa = PBXGroup;
			children = (
				B0B118512358708F004955EA /* URLSession+Protocol.swift */,
			);
			path = Extension;
			sourceTree = "<group>";
		};
		B0B11853235873E7004955EA /* Client */ = {
			isa = PBXGroup;
			children = (
				B0B1183B23586C2D004955EA /* HTTPClient.swift */,
				B0B1184C23586FDE004955EA /* HTTPClientTests.swift */,
				B02331262358CB8200FBC025 /* __mocks__ */,
			);
			path = Client;
			sourceTree = "<group>";
		};
		B0B118562358743B004955EA /* URLSession */ = {
			isa = PBXGroup;
			children = (
				B0B11859235876AE004955EA /* SpyHTTPURLResponse.swift */,
				B0B1185423587415004955EA /* SpyURLSession.swift */,
				B0B11857235874BF004955EA /* SpyURLSessionDataTask.swift */,
			);
			path = URLSession;
			sourceTree = "<group>";
		};
		B0B1185E2358A627004955EA /* Response */ = {
			isa = PBXGroup;
			children = (
				B0B1185F2358A643004955EA /* HTTPResponse.swift */,
				B0B118612358A651004955EA /* HTTPError.swift */,
			);
			path = Response;
			sourceTree = "<group>";
		};
		B0B118632358A673004955EA /* Request */ = {
			isa = PBXGroup;
			children = (
				B0B118642358A67D004955EA /* HTTPRequest.swift */,
			);
			path = Request;
			sourceTree = "<group>";
		};
/* End PBXGroup section */

/* Begin PBXNativeTarget section */
		B0B0686C23586483003920BA /* MSSampleiOS */ = {
			isa = PBXNativeTarget;
			buildConfigurationList = B0B0689523586485003920BA /* Build configuration list for PBXNativeTarget "MSSampleiOS" */;
			buildPhases = (
				B0B0686923586483003920BA /* Sources */,
				B0B0686A23586483003920BA /* Frameworks */,
				B0B0686B23586483003920BA /* Resources */,
				B0B068A923586A19003920BA /* Swiftlint */,
			);
			buildRules = (
			);
			dependencies = (
			);
			name = MSSampleiOS;
			productName = MSSampleiOS;
			productReference = B0B0686D23586483003920BA /* MSSampleiOS.app */;
			productType = "com.apple.product-type.application";
		};
		B0B0688023586485003920BA /* UnitTests */ = {
			isa = PBXNativeTarget;
			buildConfigurationList = B0B0689823586485003920BA /* Build configuration list for PBXNativeTarget "UnitTests" */;
			buildPhases = (
				B0B0687D23586485003920BA /* Sources */,
				B0B0687E23586485003920BA /* Frameworks */,
				B0B0687F23586485003920BA /* Resources */,
			);
			buildRules = (
			);
			dependencies = (
				B0B0688323586485003920BA /* PBXTargetDependency */,
			);
			name = UnitTests;
			productName = MSSampleiOSTests;
			productReference = B0B0688123586485003920BA /* UnitTests.xctest */;
			productType = "com.apple.product-type.bundle.unit-test";
		};
		B0B0688B23586485003920BA /* UITests */ = {
			isa = PBXNativeTarget;
			buildConfigurationList = B0B0689B23586485003920BA /* Build configuration list for PBXNativeTarget "UITests" */;
			buildPhases = (
				B0B0688823586485003920BA /* Sources */,
				B0B0688923586485003920BA /* Frameworks */,
				B0B0688A23586485003920BA /* Resources */,
			);
			buildRules = (
			);
			dependencies = (
				B0B0688E23586485003920BA /* PBXTargetDependency */,
			);
			name = UITests;
			productName = MSSampleiOSUITests;
			productReference = B0B0688C23586485003920BA /* UITests.xctest */;
			productType = "com.apple.product-type.bundle.ui-testing";
		};
/* End PBXNativeTarget section */

/* Begin PBXProject section */
		B0B0686523586483003920BA /* Project object */ = {
			isa = PBXProject;
			attributes = {
				LastSwiftUpdateCheck = 1020;
				LastUpgradeCheck = 1020;
				ORGANIZATIONNAME = "Marco Santarossa";
				TargetAttributes = {
					B0B0686C23586483003920BA = {
						CreatedOnToolsVersion = 10.2.1;
					};
					B0B0688023586485003920BA = {
						CreatedOnToolsVersion = 10.2.1;
						LastSwiftMigration = 1020;
						TestTargetID = B0B0686C23586483003920BA;
					};
					B0B0688B23586485003920BA = {
						CreatedOnToolsVersion = 10.2.1;
						TestTargetID = B0B0686C23586483003920BA;
					};
				};
			};
			buildConfigurationList = B0B0686823586483003920BA /* Build configuration list for PBXProject "MSSampleiOS" */;
			compatibilityVersion = "Xcode 9.3";
			developmentRegion = en;
			hasScannedForEncodings = 0;
			knownRegions = (
				en,
				Base,
			);
			mainGroup = B0B0686423586483003920BA;
			productRefGroup = B0B0686E23586483003920BA /* Products */;
			projectDirPath = "";
			projectRoot = "";
			targets = (
				B0B0686C23586483003920BA /* MSSampleiOS */,
				B0B0688023586485003920BA /* UnitTests */,
				B0B0688B23586485003920BA /* UITests */,
			);
		};
/* End PBXProject section */

/* Begin PBXResourcesBuildPhase section */
		B0B0686B23586483003920BA /* Resources */ = {
			isa = PBXResourcesBuildPhase;
			buildActionMask = 2147483647;
			files = (
				B0B0687B23586485003920BA /* LaunchScreen.storyboard in Resources */,
				B0B0687823586485003920BA /* Assets.xcassets in Resources */,
			);
			runOnlyForDeploymentPostprocessing = 0;
		};
		B0B0687F23586485003920BA /* Resources */ = {
			isa = PBXResourcesBuildPhase;
			buildActionMask = 2147483647;
			files = (
			);
			runOnlyForDeploymentPostprocessing = 0;
		};
		B0B0688A23586485003920BA /* Resources */ = {
			isa = PBXResourcesBuildPhase;
			buildActionMask = 2147483647;
			files = (
			);
			runOnlyForDeploymentPostprocessing = 0;
		};
/* End PBXResourcesBuildPhase section */

/* Begin PBXShellScriptBuildPhase section */
		B0B068A923586A19003920BA /* Swiftlint */ = {
			isa = PBXShellScriptBuildPhase;
			buildActionMask = 2147483647;
			files = (
			);
			inputFileListPaths = (
			);
			inputPaths = (
			);
			name = Swiftlint;
			outputFileListPaths = (
			);
			outputPaths = (
			);
			runOnlyForDeploymentPostprocessing = 0;
			shellPath = /bin/sh;
			shellScript = "if which swiftlint >/dev/null; then\n    swiftlint\nelse\n    echo \"warning: SwiftLint not installed, download from https://github.com/realm/SwiftLint\"\nfi\n";
		};
/* End PBXShellScriptBuildPhase section */

/* Begin PBXSourcesBuildPhase section */
		B0B0686923586483003920BA /* Sources */ = {
			isa = PBXSourcesBuildPhase;
			buildActionMask = 2147483647;
			files = (
				B0B118522358708F004955EA /* URLSession+Protocol.swift in Sources */,
				B02331122358ABE400FBC025 /* PhotoCollectionItem.swift in Sources */,
				B023310D2358A92000FBC025 /* main.swift in Sources */,
				B02331172358AC4A00FBC025 /* PhotoCollectionRepository.swift in Sources */,
				B0B118602358A643004955EA /* HTTPResponse.swift in Sources */,
				B0B0687123586483003920BA /* AppDelegate.swift in Sources */,
				B023312E2358CE2800FBC025 /* AppConfiguration.swift in Sources */,
				B023311F2358ADB200FBC025 /* PhotoCollectionItemDTO.swift in Sources */,
				B0B118652358A67D004955EA /* HTTPRequest.swift in Sources */,
				B0B118622358A651004955EA /* HTTPError.swift in Sources */,
				B02331312359B71800FBC025 /* PhotoCollectionInteractor.swift in Sources */,
				B0B1183C23586C2D004955EA /* HTTPClient.swift in Sources */,
				B023311C2358AD5800FBC025 /* PhotoCollectionMapper.swift in Sources */,
			);
			runOnlyForDeploymentPostprocessing = 0;
		};
		B0B0687D23586485003920BA /* Sources */ = {
			isa = PBXSourcesBuildPhase;
			buildActionMask = 2147483647;
			files = (
				B02331192358ACCD00FBC025 /* PhotoCollectionRepositoryTests.swift in Sources */,
				B02331282358CB9100FBC025 /* SpyHTTPClient.swift in Sources */,
				B0B11858235874BF004955EA /* SpyURLSessionDataTask.swift in Sources */,
				B02331212358ADF200FBC025 /* PhotoCollectionMapperTests.swift in Sources */,
				B02331362359B85C00FBC025 /* SpyPhotoCollectionRepository.swift in Sources */,
				B02331252358CAE900FBC025 /* HTTPClientTests.swift in Sources */,
				B02331332359B7ED00FBC025 /* PhotoCollectionInteractorTests.swift in Sources */,
				B0B1185523587415004955EA /* SpyURLSession.swift in Sources */,
				B023312B2358CCD600FBC025 /* SpyPhotoCollectionMapper.swift in Sources */,
				B0B068A8235867EC003920BA /* SampleTests.swift in Sources */,
				B0B1185A235876AE004955EA /* SpyHTTPURLResponse.swift in Sources */,
			);
			runOnlyForDeploymentPostprocessing = 0;
		};
		B0B0688823586485003920BA /* Sources */ = {
			isa = PBXSourcesBuildPhase;
			buildActionMask = 2147483647;
			files = (
				B0B0689123586485003920BA /* MSSampleiOSUITests.swift in Sources */,
			);
			runOnlyForDeploymentPostprocessing = 0;
		};
/* End PBXSourcesBuildPhase section */

/* Begin PBXTargetDependency section */
		B0B0688323586485003920BA /* PBXTargetDependency */ = {
			isa = PBXTargetDependency;
			target = B0B0686C23586483003920BA /* MSSampleiOS */;
			targetProxy = B0B0688223586485003920BA /* PBXContainerItemProxy */;
		};
		B0B0688E23586485003920BA /* PBXTargetDependency */ = {
			isa = PBXTargetDependency;
			target = B0B0686C23586483003920BA /* MSSampleiOS */;
			targetProxy = B0B0688D23586485003920BA /* PBXContainerItemProxy */;
		};
/* End PBXTargetDependency section */

/* Begin PBXVariantGroup section */
		B0B0687923586485003920BA /* LaunchScreen.storyboard */ = {
			isa = PBXVariantGroup;
			children = (
				B0B0687A23586485003920BA /* Base */,
			);
			name = LaunchScreen.storyboard;
			sourceTree = "<group>";
		};
/* End PBXVariantGroup section */

/* Begin XCBuildConfiguration section */
		B0B0689323586485003920BA /* Debug */ = {
			isa = XCBuildConfiguration;
			buildSettings = {
				ALWAYS_SEARCH_USER_PATHS = NO;
				CLANG_ANALYZER_NONNULL = YES;
				CLANG_ANALYZER_NUMBER_OBJECT_CONVERSION = YES_AGGRESSIVE;
				CLANG_CXX_LANGUAGE_STANDARD = "gnu++14";
				CLANG_CXX_LIBRARY = "libc++";
				CLANG_ENABLE_MODULES = YES;
				CLANG_ENABLE_OBJC_ARC = YES;
				CLANG_ENABLE_OBJC_WEAK = YES;
				CLANG_WARN_BLOCK_CAPTURE_AUTORELEASING = YES;
				CLANG_WARN_BOOL_CONVERSION = YES;
				CLANG_WARN_COMMA = YES;
				CLANG_WARN_CONSTANT_CONVERSION = YES;
				CLANG_WARN_DEPRECATED_OBJC_IMPLEMENTATIONS = YES;
				CLANG_WARN_DIRECT_OBJC_ISA_USAGE = YES_ERROR;
				CLANG_WARN_DOCUMENTATION_COMMENTS = YES;
				CLANG_WARN_EMPTY_BODY = YES;
				CLANG_WARN_ENUM_CONVERSION = YES;
				CLANG_WARN_INFINITE_RECURSION = YES;
				CLANG_WARN_INT_CONVERSION = YES;
				CLANG_WARN_NON_LITERAL_NULL_CONVERSION = YES;
				CLANG_WARN_OBJC_IMPLICIT_RETAIN_SELF = YES;
				CLANG_WARN_OBJC_LITERAL_CONVERSION = YES;
				CLANG_WARN_OBJC_ROOT_CLASS = YES_ERROR;
				CLANG_WARN_RANGE_LOOP_ANALYSIS = YES;
				CLANG_WARN_STRICT_PROTOTYPES = YES;
				CLANG_WARN_SUSPICIOUS_MOVE = YES;
				CLANG_WARN_UNGUARDED_AVAILABILITY = YES_AGGRESSIVE;
				CLANG_WARN_UNREACHABLE_CODE = YES;
				CLANG_WARN__DUPLICATE_METHOD_MATCH = YES;
				CODE_SIGN_IDENTITY = "iPhone Developer";
				COPY_PHASE_STRIP = NO;
				DEBUG_INFORMATION_FORMAT = dwarf;
				ENABLE_STRICT_OBJC_MSGSEND = YES;
				ENABLE_TESTABILITY = YES;
				GCC_C_LANGUAGE_STANDARD = gnu11;
				GCC_DYNAMIC_NO_PIC = NO;
				GCC_NO_COMMON_BLOCKS = YES;
				GCC_OPTIMIZATION_LEVEL = 0;
				GCC_PREPROCESSOR_DEFINITIONS = (
					"DEBUG=1",
					"$(inherited)",
				);
				GCC_WARN_64_TO_32_BIT_CONVERSION = YES;
				GCC_WARN_ABOUT_RETURN_TYPE = YES_ERROR;
				GCC_WARN_UNDECLARED_SELECTOR = YES;
				GCC_WARN_UNINITIALIZED_AUTOS = YES_AGGRESSIVE;
				GCC_WARN_UNUSED_FUNCTION = YES;
				GCC_WARN_UNUSED_VARIABLE = YES;
				IPHONEOS_DEPLOYMENT_TARGET = 11;
				MTL_ENABLE_DEBUG_INFO = INCLUDE_SOURCE;
				MTL_FAST_MATH = YES;
				ONLY_ACTIVE_ARCH = YES;
				SDKROOT = iphoneos;
				SWIFT_ACTIVE_COMPILATION_CONDITIONS = DEBUG;
				SWIFT_OPTIMIZATION_LEVEL = "-Onone";
			};
			name = Debug;
		};
		B0B0689423586485003920BA /* Release */ = {
			isa = XCBuildConfiguration;
			buildSettings = {
				ALWAYS_SEARCH_USER_PATHS = NO;
				CLANG_ANALYZER_NONNULL = YES;
				CLANG_ANALYZER_NUMBER_OBJECT_CONVERSION = YES_AGGRESSIVE;
				CLANG_CXX_LANGUAGE_STANDARD = "gnu++14";
				CLANG_CXX_LIBRARY = "libc++";
				CLANG_ENABLE_MODULES = YES;
				CLANG_ENABLE_OBJC_ARC = YES;
				CLANG_ENABLE_OBJC_WEAK = YES;
				CLANG_WARN_BLOCK_CAPTURE_AUTORELEASING = YES;
				CLANG_WARN_BOOL_CONVERSION = YES;
				CLANG_WARN_COMMA = YES;
				CLANG_WARN_CONSTANT_CONVERSION = YES;
				CLANG_WARN_DEPRECATED_OBJC_IMPLEMENTATIONS = YES;
				CLANG_WARN_DIRECT_OBJC_ISA_USAGE = YES_ERROR;
				CLANG_WARN_DOCUMENTATION_COMMENTS = YES;
				CLANG_WARN_EMPTY_BODY = YES;
				CLANG_WARN_ENUM_CONVERSION = YES;
				CLANG_WARN_INFINITE_RECURSION = YES;
				CLANG_WARN_INT_CONVERSION = YES;
				CLANG_WARN_NON_LITERAL_NULL_CONVERSION = YES;
				CLANG_WARN_OBJC_IMPLICIT_RETAIN_SELF = YES;
				CLANG_WARN_OBJC_LITERAL_CONVERSION = YES;
				CLANG_WARN_OBJC_ROOT_CLASS = YES_ERROR;
				CLANG_WARN_RANGE_LOOP_ANALYSIS = YES;
				CLANG_WARN_STRICT_PROTOTYPES = YES;
				CLANG_WARN_SUSPICIOUS_MOVE = YES;
				CLANG_WARN_UNGUARDED_AVAILABILITY = YES_AGGRESSIVE;
				CLANG_WARN_UNREACHABLE_CODE = YES;
				CLANG_WARN__DUPLICATE_METHOD_MATCH = YES;
				CODE_SIGN_IDENTITY = "iPhone Developer";
				COPY_PHASE_STRIP = NO;
				DEBUG_INFORMATION_FORMAT = "dwarf-with-dsym";
				ENABLE_NS_ASSERTIONS = NO;
				ENABLE_STRICT_OBJC_MSGSEND = YES;
				GCC_C_LANGUAGE_STANDARD = gnu11;
				GCC_NO_COMMON_BLOCKS = YES;
				GCC_WARN_64_TO_32_BIT_CONVERSION = YES;
				GCC_WARN_ABOUT_RETURN_TYPE = YES_ERROR;
				GCC_WARN_UNDECLARED_SELECTOR = YES;
				GCC_WARN_UNINITIALIZED_AUTOS = YES_AGGRESSIVE;
				GCC_WARN_UNUSED_FUNCTION = YES;
				GCC_WARN_UNUSED_VARIABLE = YES;
				IPHONEOS_DEPLOYMENT_TARGET = 11;
				MTL_ENABLE_DEBUG_INFO = NO;
				MTL_FAST_MATH = YES;
				SDKROOT = iphoneos;
				SWIFT_COMPILATION_MODE = wholemodule;
				SWIFT_OPTIMIZATION_LEVEL = "-O";
				VALIDATE_PRODUCT = YES;
			};
			name = Release;
		};
		B0B0689623586485003920BA /* Debug */ = {
			isa = XCBuildConfiguration;
			buildSettings = {
				ASSETCATALOG_COMPILER_APPICON_NAME = AppIcon;
				CODE_SIGN_STYLE = Automatic;
				INFOPLIST_FILE = "$(SRCROOT)/Source/SupportingFiles/Info.plist";
				LD_RUNPATH_SEARCH_PATHS = (
					"$(inherited)",
					"@executable_path/Frameworks",
				);
				PRODUCT_BUNDLE_IDENTIFIER = com.marcosantadev.MSSampleiOS;
				PRODUCT_NAME = "$(TARGET_NAME)";
				SWIFT_VERSION = 5.0;
				TARGETED_DEVICE_FAMILY = "1,2";
			};
			name = Debug;
		};
		B0B0689723586485003920BA /* Release */ = {
			isa = XCBuildConfiguration;
			buildSettings = {
				ASSETCATALOG_COMPILER_APPICON_NAME = AppIcon;
				CODE_SIGN_STYLE = Automatic;
				INFOPLIST_FILE = "$(SRCROOT)/Source/SupportingFiles/Info.plist";
				LD_RUNPATH_SEARCH_PATHS = (
					"$(inherited)",
					"@executable_path/Frameworks",
				);
				PRODUCT_BUNDLE_IDENTIFIER = com.marcosantadev.MSSampleiOS;
				PRODUCT_NAME = "$(TARGET_NAME)";
				SWIFT_VERSION = 5.0;
				TARGETED_DEVICE_FAMILY = "1,2";
			};
			name = Release;
		};
		B0B0689923586485003920BA /* Debug */ = {
			isa = XCBuildConfiguration;
			buildSettings = {
				ALWAYS_EMBED_SWIFT_STANDARD_LIBRARIES = YES;
				BUNDLE_LOADER = "$(TEST_HOST)";
				CLANG_ENABLE_MODULES = YES;
				CODE_SIGN_STYLE = Automatic;
				INFOPLIST_FILE = UnitTests/Info.plist;
				LD_RUNPATH_SEARCH_PATHS = (
					"$(inherited)",
					"@executable_path/Frameworks",
					"@loader_path/Frameworks",
				);
				PRODUCT_BUNDLE_IDENTIFIER = com.marcosantadev.MSSampleiOSTests;
				PRODUCT_NAME = "$(TARGET_NAME)";
				SWIFT_OPTIMIZATION_LEVEL = "-Onone";
				SWIFT_VERSION = 5.0;
				TARGETED_DEVICE_FAMILY = "1,2";
				TEST_HOST = "$(BUILT_PRODUCTS_DIR)/MSSampleiOS.app/MSSampleiOS";
			};
			name = Debug;
		};
		B0B0689A23586485003920BA /* Release */ = {
			isa = XCBuildConfiguration;
			buildSettings = {
				ALWAYS_EMBED_SWIFT_STANDARD_LIBRARIES = YES;
				BUNDLE_LOADER = "$(TEST_HOST)";
				CLANG_ENABLE_MODULES = YES;
				CODE_SIGN_STYLE = Automatic;
				INFOPLIST_FILE = UnitTests/Info.plist;
				LD_RUNPATH_SEARCH_PATHS = (
					"$(inherited)",
					"@executable_path/Frameworks",
					"@loader_path/Frameworks",
				);
				PRODUCT_BUNDLE_IDENTIFIER = com.marcosantadev.MSSampleiOSTests;
				PRODUCT_NAME = "$(TARGET_NAME)";
				SWIFT_VERSION = 5.0;
				TARGETED_DEVICE_FAMILY = "1,2";
				TEST_HOST = "$(BUILT_PRODUCTS_DIR)/MSSampleiOS.app/MSSampleiOS";
			};
			name = Release;
		};
		B0B0689C23586485003920BA /* Debug */ = {
			isa = XCBuildConfiguration;
			buildSettings = {
				ALWAYS_EMBED_SWIFT_STANDARD_LIBRARIES = YES;
				CODE_SIGN_STYLE = Automatic;
				INFOPLIST_FILE = UITests/Info.plist;
				LD_RUNPATH_SEARCH_PATHS = (
					"$(inherited)",
					"@executable_path/Frameworks",
					"@loader_path/Frameworks",
				);
				PRODUCT_BUNDLE_IDENTIFIER = com.marcosantadev.MSSampleiOSUITests;
				PRODUCT_NAME = "$(TARGET_NAME)";
				SWIFT_VERSION = 5.0;
				TARGETED_DEVICE_FAMILY = "1,2";
				TEST_TARGET_NAME = MSSampleiOS;
			};
			name = Debug;
		};
		B0B0689D23586485003920BA /* Release */ = {
			isa = XCBuildConfiguration;
			buildSettings = {
				ALWAYS_EMBED_SWIFT_STANDARD_LIBRARIES = YES;
				CODE_SIGN_STYLE = Automatic;
				INFOPLIST_FILE = UITests/Info.plist;
				LD_RUNPATH_SEARCH_PATHS = (
					"$(inherited)",
					"@executable_path/Frameworks",
					"@loader_path/Frameworks",
				);
				PRODUCT_BUNDLE_IDENTIFIER = com.marcosantadev.MSSampleiOSUITests;
				PRODUCT_NAME = "$(TARGET_NAME)";
				SWIFT_VERSION = 5.0;
				TARGETED_DEVICE_FAMILY = "1,2";
				TEST_TARGET_NAME = MSSampleiOS;
			};
			name = Release;
		};
/* End XCBuildConfiguration section */

/* Begin XCConfigurationList section */
		B0B0686823586483003920BA /* Build configuration list for PBXProject "MSSampleiOS" */ = {
			isa = XCConfigurationList;
			buildConfigurations = (
				B0B0689323586485003920BA /* Debug */,
				B0B0689423586485003920BA /* Release */,
			);
			defaultConfigurationIsVisible = 0;
			defaultConfigurationName = Release;
		};
		B0B0689523586485003920BA /* Build configuration list for PBXNativeTarget "MSSampleiOS" */ = {
			isa = XCConfigurationList;
			buildConfigurations = (
				B0B0689623586485003920BA /* Debug */,
				B0B0689723586485003920BA /* Release */,
			);
			defaultConfigurationIsVisible = 0;
			defaultConfigurationName = Release;
		};
		B0B0689823586485003920BA /* Build configuration list for PBXNativeTarget "UnitTests" */ = {
			isa = XCConfigurationList;
			buildConfigurations = (
				B0B0689923586485003920BA /* Debug */,
				B0B0689A23586485003920BA /* Release */,
			);
			defaultConfigurationIsVisible = 0;
			defaultConfigurationName = Release;
		};
		B0B0689B23586485003920BA /* Build configuration list for PBXNativeTarget "UITests" */ = {
			isa = XCConfigurationList;
			buildConfigurations = (
				B0B0689C23586485003920BA /* Debug */,
				B0B0689D23586485003920BA /* Release */,
			);
			defaultConfigurationIsVisible = 0;
			defaultConfigurationName = Release;
		};
/* End XCConfigurationList section */
	};
	rootObject = B0B0686523586483003920BA /* Project object */;
}
